github.com/hooklift/assert v0.1.0 h1:UZzFxx5dSb9aBtvMHTtnPuvFnBvcEhHTPb9+0+jpEjs=
github.com/hooklift/assert v0.1.0/go.mod h1:pfexfvIHnKCdjh6CkkIZv5ic6dQ6aU2jhKghBlXuwwY=
github.com/klauspost/cpuid/v2 v2.0.4 h1:g0I61F2K2DjRHz1cnxlkNSBIaePVoJIjjnHui8QHbiw=
github.com/klauspost/cpuid/v2 v2.0.4/go.mod h1:FInQzS24/EEf25PyTYn52gqo7WaD8xa0213Md/qVLRg=
github.com/minio/sha256-simd v1.0.0 h1:v1ta+49hkWZyvaKwrQB8elexRqm6Y0aMLjCNsrYxo6g=
github.com/minio/sha256-simd v1.0.0/go.mod h1:OuYzVNI5vcoYIAmbIvHPl3N3jUzVedXbKy5RFepssQM=
github.com/pkg/errors v0.9.1 h1:FEBLx1zS214owpjy7qsBeixbURkuhQAwrK5UwLGTwt4=
github.com/pkg/errors v0.9.1/go.mod h1:bwawxfHBFNV+L2hUp1rHADufV3IMtnDRdf1r5NINEl0=
github.com/pkg/profile v1.5.0 h1:042Buzk+NhDI+DeSAA62RwJL8VAuZUMQZUjCsRz1Mug=
github.com/pkg/profile v1.5.0/go.mod h1:qBsxPvzyUincmltOk6iyRVxHYg4adc0OFOv72ZdLa18=
